
Microsoft Visual Studio Solution File, Format Version 12.00
# Visual Studio Version 17
VisualStudioVersion = 17.8.34330.188
MinimumVisualStudioVersion = 10.0.40219.1
Project("{FAE04EC0-301F-11D3-BF4B-00C04F79EFBC}") = "ConsoleApp2", "ConsoleApp2.csproj", "{1436E431-EBAE-4674-9518-5DB258FA60BE}"
EndProject
Global
	GlobalSection(SolutionConfigurationPlatforms) = preSolution
		Debug|Any CPU = Debug|Any CPU
		Release|Any CPU = Release|Any CPU
	EndGlobalSection
	GlobalSection(ProjectConfigurationPlatforms) = postSolution
		{1436E431-EBAE-4674-9518-5DB258FA60BE}.Debug|Any CPU.ActiveCfg = Debug|Any CPU
		{1436E431-EBAE-4674-9518-5DB258FA60BE}.Debug|Any CPU.Build.0 = Debug|Any CPU
		{1436E431-EBAE-4674-9518-5DB258FA60BE}.Release|Any CPU.ActiveCfg = Release|Any CPU
		{1436E431-EBAE-4674-9518-5DB258FA60BE}.Release|Any CPU.Build.0 = Release|Any CPU
	EndGlobalSection
	GlobalSection(SolutionProperties) = preSolution
		HideSolutionNode = FALSE
	EndGlobalSection
	GlobalSection(ExtensibilityGlobals) = postSolution
		SolutionGuid = {24BF66D3-61D2-4EA6-A463-CB3E9DFE4AD0}
	EndGlobalSection
EndGlobal
