
Microsoft Visual Studio Solution File, Format Version 12.00
# Visual Studio Version 17
VisualStudioVersion = 17.8.34330.188
MinimumVisualStudioVersion = 10.0.40219.1
Project("{FAE04EC0-301F-11D3-BF4B-00C04F79EFBC}") = "MyAPI", "MyAPI.csproj", "{FCEECD81-18C6-4F7C-80EA-5D252E18F127}"
EndProject
Global
	GlobalSection(SolutionConfigurationPlatforms) = preSolution
		Debug|Any CPU = Debug|Any CPU
		Release|Any CPU = Release|Any CPU
	EndGlobalSection
	GlobalSection(ProjectConfigurationPlatforms) = postSolution
		{FCEECD81-18C6-4F7C-80EA-5D252E18F127}.Debug|Any CPU.ActiveCfg = Debug|Any CPU
		{FCEECD81-18C6-4F7C-80EA-5D252E18F127}.Debug|Any CPU.Build.0 = Debug|Any CPU
		{FCEECD81-18C6-4F7C-80EA-5D252E18F127}.Release|Any CPU.ActiveCfg = Release|Any CPU
		{FCEECD81-18C6-4F7C-80EA-5D252E18F127}.Release|Any CPU.Build.0 = Release|Any CPU
	EndGlobalSection
	GlobalSection(SolutionProperties) = preSolution
		HideSolutionNode = FALSE
	EndGlobalSection
	GlobalSection(ExtensibilityGlobals) = postSolution
		SolutionGuid = {8173F017-F464-4E28-88B4-C02FF326F976}
	EndGlobalSection
EndGlobal
